
Microsoft Visual Studio Solution File, Format Version 12.00
# Visual Studio Version 16
VisualStudioVersion = 16.0.31729.503
MinimumVisualStudioVersion = 10.0.40219.1
Project("{FAE04EC0-301F-11D3-BF4B-00C04F79EFBC}") = "BetaMart", "BetaMart\BetaMart.csproj", "{DA8D510C-1F48-46F8-9CB4-942E0EABD860}"
EndProject
Global
	GlobalSection(SolutionConfigurationPlatforms) = preSolution
		Debug|Any CPU = Debug|Any CPU
		Release|Any CPU = Release|Any CPU
	EndGlobalSection
	GlobalSection(ProjectConfigurationPlatforms) = postSolution
		{DA8D510C-1F48-46F8-9CB4-942E0EABD860}.Debug|Any CPU.ActiveCfg = Debug|Any CPU
		{DA8D510C-1F48-46F8-9CB4-942E0EABD860}.Debug|Any CPU.Build.0 = Debug|Any CPU
		{DA8D510C-1F48-46F8-9CB4-942E0EABD860}.Release|Any CPU.ActiveCfg = Release|Any CPU
		{DA8D510C-1F48-46F8-9CB4-942E0EABD860}.Release|Any CPU.Build.0 = Release|Any CPU
	EndGlobalSection
	GlobalSection(SolutionProperties) = preSolution
		HideSolutionNode = FALSE
	EndGlobalSection
	GlobalSection(ExtensibilityGlobals) = postSolution
		SolutionGuid = {B499426C-8785-4F97-B644-99C8EBE9C9CF}
	EndGlobalSection
EndGlobal
